// !$*UTF8*$!
{
	archiveVersion = 1;
	classes = {
	};
	objectVersion = 52;
	objects = {

/* Begin PBXBuildFile section */
		5C2DB2BC252B123D00E85477 /* HackerNewsReaderApp.swift in Sources */ = {isa = PBXBuildFile; fileRef = 5C2DB2BB252B123D00E85477 /* HackerNewsReaderApp.swift */; };
		5C2DB2BE252B123D00E85477 /* FeedView.swift in Sources */ = {isa = PBXBuildFile; fileRef = 5C2DB2BD252B123D00E85477 /* FeedView.swift */; };
		5C2DB2C0252B123F00E85477 /* Assets.xcassets in Resources */ = {isa = PBXBuildFile; fileRef = 5C2DB2BF252B123F00E85477 /* Assets.xcassets */; };
		5C2DB2C3252B123F00E85477 /* Preview Assets.xcassets in Resources */ = {isa = PBXBuildFile; fileRef = 5C2DB2C2252B123F00E85477 /* Preview Assets.xcassets */; };
		5C4DEB7D252B23F7006C9C1B /* ModernClient in Frameworks */ = {isa = PBXBuildFile; productRef = 5C4DEB7C252B23F7006C9C1B /* ModernClient */; };
		5C4DEB80252B240B006C9C1B /* NetworkingCore in Frameworks */ = {isa = PBXBuildFile; productRef = 5C4DEB7F252B240B006C9C1B /* NetworkingCore */; };
		5C4DEB82252B240F006C9C1B /* Entities in Frameworks */ = {isa = PBXBuildFile; productRef = 5C4DEB81252B240F006C9C1B /* Entities */; };
		A5125712252B634300067CFF /* FeedViewModel.swift in Sources */ = {isa = PBXBuildFile; fileRef = A5125711252B634300067CFF /* FeedViewModel.swift */; };
/* End PBXBuildFile section */

/* Begin PBXFileReference section */
		5C2DB2B8252B123D00E85477 /* HackerNewsReader.app */ = {isa = PBXFileReference; explicitFileType = wrapper.application; includeInIndex = 0; path = HackerNewsReader.app; sourceTree = BUILT_PRODUCTS_DIR; };
		5C2DB2BB252B123D00E85477 /* HackerNewsReaderApp.swift */ = {isa = PBXFileReference; lastKnownFileType = sourcecode.swift; path = HackerNewsReaderApp.swift; sourceTree = "<group>"; };
		5C2DB2BD252B123D00E85477 /* FeedView.swift */ = {isa = PBXFileReference; lastKnownFileType = sourcecode.swift; path = FeedView.swift; sourceTree = "<group>"; };
		5C2DB2BF252B123F00E85477 /* Assets.xcassets */ = {isa = PBXFileReference; lastKnownFileType = folder.assetcatalog; path = Assets.xcassets; sourceTree = "<group>"; };
		5C2DB2C2252B123F00E85477 /* Preview Assets.xcassets */ = {isa = PBXFileReference; lastKnownFileType = folder.assetcatalog; path = "Preview Assets.xcassets"; sourceTree = "<group>"; };
		5C2DB2C4252B123F00E85477 /* Info.plist */ = {isa = PBXFileReference; lastKnownFileType = text.plist.xml; path = Info.plist; sourceTree = "<group>"; };
		5C4DEB76252B1DE1006C9C1B /* APIClient */ = {isa = PBXFileReference; lastKnownFileType = folder; name = APIClient; path = ../APIClient; sourceTree = "<group>"; };
		A5125711252B634300067CFF /* FeedViewModel.swift */ = {isa = PBXFileReference; lastKnownFileType = sourcecode.swift; path = FeedViewModel.swift; sourceTree = "<group>"; };
/* End PBXFileReference section */

/* Begin PBXFrameworksBuildPhase section */
		5C2DB2B5252B123D00E85477 /* Frameworks */ = {
			isa = PBXFrameworksBuildPhase;
			buildActionMask = 2147483647;
			files = (
				5C4DEB7D252B23F7006C9C1B /* ModernClient in Frameworks */,
				5C4DEB80252B240B006C9C1B /* NetworkingCore in Frameworks */,
				5C4DEB82252B240F006C9C1B /* Entities in Frameworks */,
			);
			runOnlyForDeploymentPostprocessing = 0;
		};
/* End PBXFrameworksBuildPhase section */

/* Begin PBXGroup section */
		5C2DB2AF252B123D00E85477 = {
			isa = PBXGroup;
			children = (
				5C4DEB76252B1DE1006C9C1B /* APIClient */,
				5C2DB2BA252B123D00E85477 /* HackerNewsReader */,
				5C2DB2B9252B123D00E85477 /* Products */,
				5C4DEB69252B1A77006C9C1B /* Frameworks */,
			);
			sourceTree = "<group>";
		};
		5C2DB2B9252B123D00E85477 /* Products */ = {
			isa = PBXGroup;
			children = (
				5C2DB2B8252B123D00E85477 /* HackerNewsReader.app */,
			);
			name = Products;
			sourceTree = "<group>";
		};
		5C2DB2BA252B123D00E85477 /* HackerNewsReader */ = {
			isa = PBXGroup;
			children = (
				A512570F252B630700067CFF /* Feed */,
				5C2DB2BB252B123D00E85477 /* HackerNewsReaderApp.swift */,
				5C2DB2BF252B123F00E85477 /* Assets.xcassets */,
				5C2DB2C4252B123F00E85477 /* Info.plist */,
				5C2DB2C1252B123F00E85477 /* Preview Content */,
			);
			path = HackerNewsReader;
			sourceTree = "<group>";
		};
		5C2DB2C1252B123F00E85477 /* Preview Content */ = {
			isa = PBXGroup;
			children = (
				5C2DB2C2252B123F00E85477 /* Preview Assets.xcassets */,
			);
			path = "Preview Content";
			sourceTree = "<group>";
		};
		5C4DEB69252B1A77006C9C1B /* Frameworks */ = {
			isa = PBXGroup;
			children = (
			);
			name = Frameworks;
			sourceTree = "<group>";
		};
		A512570F252B630700067CFF /* Feed */ = {
			isa = PBXGroup;
			children = (
				5C2DB2BD252B123D00E85477 /* FeedView.swift */,
				A5125711252B634300067CFF /* FeedViewModel.swift */,
			);
			path = Feed;
			sourceTree = "<group>";
		};
/* End PBXGroup section */

/* Begin PBXNativeTarget section */
		5C2DB2B7252B123D00E85477 /* HackerNewsReader */ = {
			isa = PBXNativeTarget;
			buildConfigurationList = 5C2DB2C7252B123F00E85477 /* Build configuration list for PBXNativeTarget "HackerNewsReader" */;
			buildPhases = (
				5C2DB2B4252B123D00E85477 /* Sources */,
				5C2DB2B5252B123D00E85477 /* Frameworks */,
				5C2DB2B6252B123D00E85477 /* Resources */,
			);
			buildRules = (
			);
			dependencies = (
			);
			name = HackerNewsReader;
			packageProductDependencies = (
				5C4DEB7C252B23F7006C9C1B /* ModernClient */,
				5C4DEB7F252B240B006C9C1B /* NetworkingCore */,
				5C4DEB81252B240F006C9C1B /* Entities */,
			);
			productName = HackerNewsReader;
			productReference = 5C2DB2B8252B123D00E85477 /* HackerNewsReader.app */;
			productType = "com.apple.product-type.application";
		};
/* End PBXNativeTarget section */

/* Begin PBXProject section */
		5C2DB2B0252B123D00E85477 /* Project object */ = {
			isa = PBXProject;
			attributes = {
				LastSwiftUpdateCheck = 1200;
				LastUpgradeCheck = 1200;
				TargetAttributes = {
					5C2DB2B7252B123D00E85477 = {
						CreatedOnToolsVersion = 12.0;
					};
				};
			};
			buildConfigurationList = 5C2DB2B3252B123D00E85477 /* Build configuration list for PBXProject "HackerNewsReader" */;
			compatibilityVersion = "Xcode 9.3";
			developmentRegion = en;
			hasScannedForEncodings = 0;
			knownRegions = (
				en,
				Base,
			);
			mainGroup = 5C2DB2AF252B123D00E85477;
			productRefGroup = 5C2DB2B9252B123D00E85477 /* Products */;
			projectDirPath = "";
			projectRoot = "";
			targets = (
				5C2DB2B7252B123D00E85477 /* HackerNewsReader */,
			);
		};
/* End PBXProject section */

/* Begin PBXResourcesBuildPhase section */
		5C2DB2B6252B123D00E85477 /* Resources */ = {
			isa = PBXResourcesBuildPhase;
			buildActionMask = 2147483647;
			files = (
				5C2DB2C3252B123F00E85477 /* Preview Assets.xcassets in Resources */,
				5C2DB2C0252B123F00E85477 /* Assets.xcassets in Resources */,
			);
			runOnlyForDeploymentPostprocessing = 0;
		};
/* End PBXResourcesBuildPhase section */

/* Begin PBXSourcesBuildPhase section */
		5C2DB2B4252B123D00E85477 /* Sources */ = {
			isa = PBXSourcesBuildPhase;
			buildActionMask = 2147483647;
			files = (
				5C2DB2BE252B123D00E85477 /* FeedView.swift in Sources */,
				5C2DB2BC252B123D00E85477 /* HackerNewsReaderApp.swift in Sources */,
				A5125712252B634300067CFF /* FeedViewModel.swift in Sources */,
			);
			runOnlyForDeploymentPostprocessing = 0;
		};
/* End PBXSourcesBuildPhase section */

/* Begin XCBuildConfiguration section */
		5C2DB2C5252B123F00E85477 /* Debug */ = {
			isa = XCBuildConfiguration;
			buildSettings = {
				ALWAYS_SEARCH_USER_PATHS = NO;
				CLANG_ANALYZER_NONNULL = YES;
				CLANG_ANALYZER_NUMBER_OBJECT_CONVERSION = YES_AGGRESSIVE;
				CLANG_CXX_LANGUAGE_STANDARD = "gnu++14";
				CLANG_CXX_LIBRARY = "libc++";
				CLANG_ENABLE_MODULES = YES;
				CLANG_ENABLE_OBJC_ARC = YES;
				CLANG_ENABLE_OBJC_WEAK = YES;
				CLANG_WARN_BLOCK_CAPTURE_AUTORELEASING = YES;
				CLANG_WARN_BOOL_CONVERSION = YES;
				CLANG_WARN_COMMA = YES;
				CLANG_WARN_CONSTANT_CONVERSION = YES;
				CLANG_WARN_DEPRECATED_OBJC_IMPLEMENTATIONS = YES;
				CLANG_WARN_DIRECT_OBJC_ISA_USAGE = YES_ERROR;
				CLANG_WARN_DOCUMENTATION_COMMENTS = YES;
				CLANG_WARN_EMPTY_BODY = YES;
				CLANG_WARN_ENUM_CONVERSION = YES;
				CLANG_WARN_INFINITE_RECURSION = YES;
				CLANG_WARN_INT_CONVERSION = YES;
				CLANG_WARN_NON_LITERAL_NULL_CONVERSION = YES;
				CLANG_WARN_OBJC_IMPLICIT_RETAIN_SELF = YES;
				CLANG_WARN_OBJC_LITERAL_CONVERSION = YES;
				CLANG_WARN_OBJC_ROOT_CLASS = YES_ERROR;
				CLANG_WARN_QUOTED_INCLUDE_IN_FRAMEWORK_HEADER = YES;
				CLANG_WARN_RANGE_LOOP_ANALYSIS = YES;
				CLANG_WARN_STRICT_PROTOTYPES = YES;
				CLANG_WARN_SUSPICIOUS_MOVE = YES;
				CLANG_WARN_UNGUARDED_AVAILABILITY = YES_AGGRESSIVE;
				CLANG_WARN_UNREACHABLE_CODE = YES;
				CLANG_WARN__DUPLICATE_METHOD_MATCH = YES;
				COPY_PHASE_STRIP = NO;
				DEBUG_INFORMATION_FORMAT = dwarf;
				ENABLE_STRICT_OBJC_MSGSEND = YES;
				ENABLE_TESTABILITY = YES;
				GCC_C_LANGUAGE_STANDARD = gnu11;
				GCC_DYNAMIC_NO_PIC = NO;
				GCC_NO_COMMON_BLOCKS = YES;
				GCC_OPTIMIZATION_LEVEL = 0;
				GCC_PREPROCESSOR_DEFINITIONS = (
					"DEBUG=1",
					"$(inherited)",
				);
				GCC_WARN_64_TO_32_BIT_CONVERSION = YES;
				GCC_WARN_ABOUT_RETURN_TYPE = YES_ERROR;
				GCC_WARN_UNDECLARED_SELECTOR = YES;
				GCC_WARN_UNINITIALIZED_AUTOS = YES_AGGRESSIVE;
				GCC_WARN_UNUSED_FUNCTION = YES;
				GCC_WARN_UNUSED_VARIABLE = YES;
				IPHONEOS_DEPLOYMENT_TARGET = 14.0;
				MTL_ENABLE_DEBUG_INFO = INCLUDE_SOURCE;
				MTL_FAST_MATH = YES;
				ONLY_ACTIVE_ARCH = YES;
				SDKROOT = iphoneos;
				SWIFT_ACTIVE_COMPILATION_CONDITIONS = DEBUG;
				SWIFT_OPTIMIZATION_LEVEL = "-Onone";
			};
			name = Debug;
		};
		5C2DB2C6252B123F00E85477 /* Release */ = {
			isa = XCBuildConfiguration;
			buildSettings = {
				ALWAYS_SEARCH_USER_PATHS = NO;
				CLANG_ANALYZER_NONNULL = YES;
				CLANG_ANALYZER_NUMBER_OBJECT_CONVERSION = YES_AGGRESSIVE;
				CLANG_CXX_LANGUAGE_STANDARD = "gnu++14";
				CLANG_CXX_LIBRARY = "libc++";
				CLANG_ENABLE_MODULES = YES;
				CLANG_ENABLE_OBJC_ARC = YES;
				CLANG_ENABLE_OBJC_WEAK = YES;
				CLANG_WARN_BLOCK_CAPTURE_AUTORELEASING = YES;
				CLANG_WARN_BOOL_CONVERSION = YES;
				CLANG_WARN_COMMA = YES;
				CLANG_WARN_CONSTANT_CONVERSION = YES;
				CLANG_WARN_DEPRECATED_OBJC_IMPLEMENTATIONS = YES;
				CLANG_WARN_DIRECT_OBJC_ISA_USAGE = YES_ERROR;
				CLANG_WARN_DOCUMENTATION_COMMENTS = YES;
				CLANG_WARN_EMPTY_BODY = YES;
				CLANG_WARN_ENUM_CONVERSION = YES;
				CLANG_WARN_INFINITE_RECURSION = YES;
				CLANG_WARN_INT_CONVERSION = YES;
				CLANG_WARN_NON_LITERAL_NULL_CONVERSION = YES;
				CLANG_WARN_OBJC_IMPLICIT_RETAIN_SELF = YES;
				CLANG_WARN_OBJC_LITERAL_CONVERSION = YES;
				CLANG_WARN_OBJC_ROOT_CLASS = YES_ERROR;
				CLANG_WARN_QUOTED_INCLUDE_IN_FRAMEWORK_HEADER = YES;
				CLANG_WARN_RANGE_LOOP_ANALYSIS = YES;
				CLANG_WARN_STRICT_PROTOTYPES = YES;
				CLANG_WARN_SUSPICIOUS_MOVE = YES;
				CLANG_WARN_UNGUARDED_AVAILABILITY = YES_AGGRESSIVE;
				CLANG_WARN_UNREACHABLE_CODE = YES;
				CLANG_WARN__DUPLICATE_METHOD_MATCH = YES;
				COPY_PHASE_STRIP = NO;
				DEBUG_INFORMATION_FORMAT = "dwarf-with-dsym";
				ENABLE_NS_ASSERTIONS = NO;
				ENABLE_STRICT_OBJC_MSGSEND = YES;
				GCC_C_LANGUAGE_STANDARD = gnu11;
				GCC_NO_COMMON_BLOCKS = YES;
				GCC_WARN_64_TO_32_BIT_CONVERSION = YES;
				GCC_WARN_ABOUT_RETURN_TYPE = YES_ERROR;
				GCC_WARN_UNDECLARED_SELECTOR = YES;
				GCC_WARN_UNINITIALIZED_AUTOS = YES_AGGRESSIVE;
				GCC_WARN_UNUSED_FUNCTION = YES;
				GCC_WARN_UNUSED_VARIABLE = YES;
				IPHONEOS_DEPLOYMENT_TARGET = 14.0;
				MTL_ENABLE_DEBUG_INFO = NO;
				MTL_FAST_MATH = YES;
				SDKROOT = iphoneos;
				SWIFT_COMPILATION_MODE = wholemodule;
				SWIFT_OPTIMIZATION_LEVEL = "-O";
				VALIDATE_PRODUCT = YES;
			};
			name = Release;
		};
		5C2DB2C8252B123F00E85477 /* Debug */ = {
			isa = XCBuildConfiguration;
			buildSettings = {
				ASSETCATALOG_COMPILER_APPICON_NAME = AppIcon;
				ASSETCATALOG_COMPILER_GLOBAL_ACCENT_COLOR_NAME = AccentColor;
				CODE_SIGN_STYLE = Automatic;
				DEVELOPMENT_ASSET_PATHS = "HackerNewsReader/Preview\\ Content";
				DEVELOPMENT_TEAM = TVTBG99HF3;
				ENABLE_PREVIEWS = YES;
				INFOPLIST_FILE = HackerNewsReader/Info.plist;
				IPHONEOS_DEPLOYMENT_TARGET = 14.0;
				LD_RUNPATH_SEARCH_PATHS = (
					"$(inherited)",
					"@executable_path/Frameworks",
				);
				PRODUCT_BUNDLE_IDENTIFIER = com.petrachkov.HackerNewsReader;
				PRODUCT_NAME = "$(TARGET_NAME)";
				SWIFT_VERSION = 5.0;
				TARGETED_DEVICE_FAMILY = "1,2";
			};
			name = Debug;
		};
		5C2DB2C9252B123F00E85477 /* Release */ = {
			isa = XCBuildConfiguration;
			buildSettings = {
				ASSETCATALOG_COMPILER_APPICON_NAME = AppIcon;
				ASSETCATALOG_COMPILER_GLOBAL_ACCENT_COLOR_NAME = AccentColor;
				CODE_SIGN_STYLE = Automatic;
				DEVELOPMENT_ASSET_PATHS = "HackerNewsReader/Preview\\ Content";
				DEVELOPMENT_TEAM = TVTBG99HF3;
				ENABLE_PREVIEWS = YES;
				INFOPLIST_FILE = HackerNewsReader/Info.plist;
				IPHONEOS_DEPLOYMENT_TARGET = 14.0;
				LD_RUNPATH_SEARCH_PATHS = (
					"$(inherited)",
					"@executable_path/Frameworks",
				);
				PRODUCT_BUNDLE_IDENTIFIER = com.petrachkov.HackerNewsReader;
				PRODUCT_NAME = "$(TARGET_NAME)";
				SWIFT_VERSION = 5.0;
				TARGETED_DEVICE_FAMILY = "1,2";
			};
			name = Release;
		};
/* End XCBuildConfiguration section */

/* Begin XCConfigurationList section */
		5C2DB2B3252B123D00E85477 /* Build configuration list for PBXProject "HackerNewsReader" */ = {
			isa = XCConfigurationList;
			buildConfigurations = (
				5C2DB2C5252B123F00E85477 /* Debug */,
				5C2DB2C6252B123F00E85477 /* Release */,
			);
			defaultConfigurationIsVisible = 0;
			defaultConfigurationName = Release;
		};
		5C2DB2C7252B123F00E85477 /* Build configuration list for PBXNativeTarget "HackerNewsReader" */ = {
			isa = XCConfigurationList;
			buildConfigurations = (
				5C2DB2C8252B123F00E85477 /* Debug */,
				5C2DB2C9252B123F00E85477 /* Release */,
			);
			defaultConfigurationIsVisible = 0;
			defaultConfigurationName = Release;
		};
/* End XCConfigurationList section */

/* Begin XCSwiftPackageProductDependency section */
		5C4DEB7C252B23F7006C9C1B /* ModernClient */ = {
			isa = XCSwiftPackageProductDependency;
			productName = ModernClient;
		};
		5C4DEB7F252B240B006C9C1B /* NetworkingCore */ = {
			isa = XCSwiftPackageProductDependency;
			productName = NetworkingCore;
		};
		5C4DEB81252B240F006C9C1B /* Entities */ = {
			isa = XCSwiftPackageProductDependency;
			productName = Entities;
		};
/* End XCSwiftPackageProductDependency section */
	};
	rootObject = 5C2DB2B0252B123D00E85477 /* Project object */;
}
